
Microsoft Visual Studio Solution File, Format Version 12.00
# Visual Studio Version 17
VisualStudioVersion = 17.6.33829.357
MinimumVisualStudioVersion = 10.0.40219.1
Project("{FAE04EC0-301F-11D3-BF4B-00C04F79EFBC}") = "BooksMVC", "BooksMVC\BooksMVC.csproj", "{BBB63B6D-16CF-47D0-A50C-7D1EA7AE3B63}"
EndProject
Global
	GlobalSection(SolutionConfigurationPlatforms) = preSolution
		Debug|Any CPU = Debug|Any CPU
		Release|Any CPU = Release|Any CPU
	EndGlobalSection
	GlobalSection(ProjectConfigurationPlatforms) = postSolution
		{BBB63B6D-16CF-47D0-A50C-7D1EA7AE3B63}.Debug|Any CPU.ActiveCfg = Debug|Any CPU
		{BBB63B6D-16CF-47D0-A50C-7D1EA7AE3B63}.Debug|Any CPU.Build.0 = Debug|Any CPU
		{BBB63B6D-16CF-47D0-A50C-7D1EA7AE3B63}.Release|Any CPU.ActiveCfg = Release|Any CPU
		{BBB63B6D-16CF-47D0-A50C-7D1EA7AE3B63}.Release|Any CPU.Build.0 = Release|Any CPU
	EndGlobalSection
	GlobalSection(SolutionProperties) = preSolution
		HideSolutionNode = FALSE
	EndGlobalSection
	GlobalSection(ExtensibilityGlobals) = postSolution
		SolutionGuid = {9129940E-5BC0-4FD1-9892-6E0574657394}
	EndGlobalSection
EndGlobal
